// !$*UTF8*$!
{
	archiveVersion = 1;
	classes = {
	};
	objectVersion = 55;
	objects = {

/* Begin PBXBuildFile section */
		3833F1E82900394000356843 /* NoteView.swift in Sources */ = {isa = PBXBuildFile; fileRef = 3833F1E72900394000356843 /* NoteView.swift */; };
		384D11A6290AF66B00B2E434 /* AudioPlayer.swift in Sources */ = {isa = PBXBuildFile; fileRef = 384D11A5290AF66B00B2E434 /* AudioPlayer.swift */; };
		385035622911734A00A6BB2D /* UserRecording.swift in Sources */ = {isa = PBXBuildFile; fileRef = 385035612911734A00A6BB2D /* UserRecording.swift */; };
		385E2831290DA65900D42B41 /* UserDocumentRecording.swift in Sources */ = {isa = PBXBuildFile; fileRef = 385E2830290DA65900D42B41 /* UserDocumentRecording.swift */; };
		386731E728FDBED500BA0F3D /* AudioRecorder.swift in Sources */ = {isa = PBXBuildFile; fileRef = 386731E628FDBED500BA0F3D /* AudioRecorder.swift */; };
		386731EB28FDC92F00BA0F3D /* Extensions.swift in Sources */ = {isa = PBXBuildFile; fileRef = 386731EA28FDC92F00BA0F3D /* Extensions.swift */; };
		386731ED28FDD28600BA0F3D /* RecordingDataModel.swift in Sources */ = {isa = PBXBuildFile; fileRef = 386731EC28FDD28600BA0F3D /* RecordingDataModel.swift */; };
		386731EF28FDD38F00BA0F3D /* Helper.swift in Sources */ = {isa = PBXBuildFile; fileRef = 386731EE28FDD38F00BA0F3D /* Helper.swift */; };
		386731F128FDD6C400BA0F3D /* RecordingView.swift in Sources */ = {isa = PBXBuildFile; fileRef = 386731F028FDD6C400BA0F3D /* RecordingView.swift */; };
		387156D229091B0B00A0E01B /* FirebaseAuth in Frameworks */ = {isa = PBXBuildFile; productRef = 387156D129091B0B00A0E01B /* FirebaseAuth */; };
		387156D429091B0B00A0E01B /* FirebaseDatabase in Frameworks */ = {isa = PBXBuildFile; productRef = 387156D329091B0B00A0E01B /* FirebaseDatabase */; };
		387156D629091B0B00A0E01B /* FirebaseDatabaseSwift in Frameworks */ = {isa = PBXBuildFile; productRef = 387156D529091B0B00A0E01B /* FirebaseDatabaseSwift */; };
		387156D829091B0B00A0E01B /* FirebaseFirestore in Frameworks */ = {isa = PBXBuildFile; productRef = 387156D729091B0B00A0E01B /* FirebaseFirestore */; };
		387156DA29091B0B00A0E01B /* FirebaseFirestoreSwift in Frameworks */ = {isa = PBXBuildFile; productRef = 387156D929091B0B00A0E01B /* FirebaseFirestoreSwift */; };
		387156DC29091B0B00A0E01B /* FirebaseStorage in Frameworks */ = {isa = PBXBuildFile; productRef = 387156DB29091B0B00A0E01B /* FirebaseStorage */; };
		387156DE29092BA000A0E01B /* techlove_logo-03 (1).png in Resources */ = {isa = PBXBuildFile; fileRef = 387156DD29092BA000A0E01B /* techlove_logo-03 (1).png */; };
		387156E0290930FD00A0E01B /* GoogleService-Info.plist in Resources */ = {isa = PBXBuildFile; fileRef = 387156DF290930FD00A0E01B /* GoogleService-Info.plist */; };
		388785BD290A74B700ACD948 /* FirebaseStorageConnection.swift in Sources */ = {isa = PBXBuildFile; fileRef = 388785BC290A74B700ACD948 /* FirebaseStorageConnection.swift */; };
		388785BF290A793000ACD948 /* FirestoreConnection.swift in Sources */ = {isa = PBXBuildFile; fileRef = 388785BE290A793000ACD948 /* FirestoreConnection.swift */; };
		388785C1290A7CE600ACD948 /* LoginView.swift in Sources */ = {isa = PBXBuildFile; fileRef = 388785C0290A7CE600ACD948 /* LoginView.swift */; };
		388A275F28F823500019C70D /* VoiceNoteApp.swift in Sources */ = {isa = PBXBuildFile; fileRef = 388A275E28F823500019C70D /* VoiceNoteApp.swift */; };
		388A276128F823500019C70D /* ContentView.swift in Sources */ = {isa = PBXBuildFile; fileRef = 388A276028F823500019C70D /* ContentView.swift */; };
		388A276328F823530019C70D /* Assets.xcassets in Resources */ = {isa = PBXBuildFile; fileRef = 388A276228F823530019C70D /* Assets.xcassets */; };
		388A276628F823530019C70D /* Preview Assets.xcassets in Resources */ = {isa = PBXBuildFile; fileRef = 388A276528F823530019C70D /* Preview Assets.xcassets */; };
		388A277028F823530019C70D /* VoiceNoteTests.swift in Sources */ = {isa = PBXBuildFile; fileRef = 388A276F28F823530019C70D /* VoiceNoteTests.swift */; };
		388A277A28F823530019C70D /* VoiceNoteUITests.swift in Sources */ = {isa = PBXBuildFile; fileRef = 388A277928F823530019C70D /* VoiceNoteUITests.swift */; };
		388A277C28F823530019C70D /* VoiceNoteUITestsLaunchTests.swift in Sources */ = {isa = PBXBuildFile; fileRef = 388A277B28F823530019C70D /* VoiceNoteUITestsLaunchTests.swift */; };
		388A278928F8240E0019C70D /* Note.swift in Sources */ = {isa = PBXBuildFile; fileRef = 388A278828F8240E0019C70D /* Note.swift */; };
		388A278B28F825180019C70D /* AllNotes.swift in Sources */ = {isa = PBXBuildFile; fileRef = 388A278A28F825180019C70D /* AllNotes.swift */; };
		38A1FC6F290C018B00B46B03 /* AllRecordings.swift in Sources */ = {isa = PBXBuildFile; fileRef = 38A1FC6E290C018B00B46B03 /* AllRecordings.swift */; };
		38BFFC15290A8999007614D2 /* UserDocument.swift in Sources */ = {isa = PBXBuildFile; fileRef = 38BFFC14290A8999007614D2 /* UserDocument.swift */; };
		38BFFC17290A8F48007614D2 /* RegisterView.swift in Sources */ = {isa = PBXBuildFile; fileRef = 38BFFC16290A8F48007614D2 /* RegisterView.swift */; };
/* End PBXBuildFile section */

/* Begin PBXContainerItemProxy section */
		388A276C28F823530019C70D /* PBXContainerItemProxy */ = {
			isa = PBXContainerItemProxy;
			containerPortal = 388A275328F823500019C70D /* Project object */;
			proxyType = 1;
			remoteGlobalIDString = 388A275A28F823500019C70D;
			remoteInfo = VoiceNote;
		};
		388A277628F823530019C70D /* PBXContainerItemProxy */ = {
			isa = PBXContainerItemProxy;
			containerPortal = 388A275328F823500019C70D /* Project object */;
			proxyType = 1;
			remoteGlobalIDString = 388A275A28F823500019C70D;
			remoteInfo = VoiceNote;
		};
/* End PBXContainerItemProxy section */

/* Begin PBXFileReference section */
		3833F1E72900394000356843 /* NoteView.swift */ = {isa = PBXFileReference; lastKnownFileType = sourcecode.swift; path = NoteView.swift; sourceTree = "<group>"; };
		384D11A5290AF66B00B2E434 /* AudioPlayer.swift */ = {isa = PBXFileReference; lastKnownFileType = sourcecode.swift; path = AudioPlayer.swift; sourceTree = "<group>"; };
		385035612911734A00A6BB2D /* UserRecording.swift */ = {isa = PBXFileReference; lastKnownFileType = sourcecode.swift; path = UserRecording.swift; sourceTree = "<group>"; };
		385E2830290DA65900D42B41 /* UserDocumentRecording.swift */ = {isa = PBXFileReference; lastKnownFileType = sourcecode.swift; path = UserDocumentRecording.swift; sourceTree = "<group>"; };
		386731E628FDBED500BA0F3D /* AudioRecorder.swift */ = {isa = PBXFileReference; lastKnownFileType = sourcecode.swift; path = AudioRecorder.swift; sourceTree = "<group>"; };
		386731E928FDC1E000BA0F3D /* Info.plist */ = {isa = PBXFileReference; lastKnownFileType = text.plist; path = Info.plist; sourceTree = "<group>"; };
		386731EA28FDC92F00BA0F3D /* Extensions.swift */ = {isa = PBXFileReference; lastKnownFileType = sourcecode.swift; path = Extensions.swift; sourceTree = "<group>"; };
		386731EC28FDD28600BA0F3D /* RecordingDataModel.swift */ = {isa = PBXFileReference; lastKnownFileType = sourcecode.swift; path = RecordingDataModel.swift; sourceTree = "<group>"; };
		386731EE28FDD38F00BA0F3D /* Helper.swift */ = {isa = PBXFileReference; lastKnownFileType = sourcecode.swift; path = Helper.swift; sourceTree = "<group>"; };
		386731F028FDD6C400BA0F3D /* RecordingView.swift */ = {isa = PBXFileReference; lastKnownFileType = sourcecode.swift; path = RecordingView.swift; sourceTree = "<group>"; };
		387156DD29092BA000A0E01B /* techlove_logo-03 (1).png */ = {isa = PBXFileReference; lastKnownFileType = image.png; path = "techlove_logo-03 (1).png"; sourceTree = "<group>"; };
		387156DF290930FD00A0E01B /* GoogleService-Info.plist */ = {isa = PBXFileReference; fileEncoding = 4; lastKnownFileType = text.plist.xml; path = "GoogleService-Info.plist"; sourceTree = "<group>"; };
		388785BC290A74B700ACD948 /* FirebaseStorageConnection.swift */ = {isa = PBXFileReference; lastKnownFileType = sourcecode.swift; path = FirebaseStorageConnection.swift; sourceTree = "<group>"; };
		388785BE290A793000ACD948 /* FirestoreConnection.swift */ = {isa = PBXFileReference; lastKnownFileType = sourcecode.swift; path = FirestoreConnection.swift; sourceTree = "<group>"; };
		388785C0290A7CE600ACD948 /* LoginView.swift */ = {isa = PBXFileReference; lastKnownFileType = sourcecode.swift; path = LoginView.swift; sourceTree = "<group>"; };
		388A275B28F823500019C70D /* VoiceNote.app */ = {isa = PBXFileReference; explicitFileType = wrapper.application; includeInIndex = 0; path = VoiceNote.app; sourceTree = BUILT_PRODUCTS_DIR; };
		388A275E28F823500019C70D /* VoiceNoteApp.swift */ = {isa = PBXFileReference; lastKnownFileType = sourcecode.swift; path = VoiceNoteApp.swift; sourceTree = "<group>"; };
		388A276028F823500019C70D /* ContentView.swift */ = {isa = PBXFileReference; lastKnownFileType = sourcecode.swift; path = ContentView.swift; sourceTree = "<group>"; };
		388A276228F823530019C70D /* Assets.xcassets */ = {isa = PBXFileReference; lastKnownFileType = folder.assetcatalog; path = Assets.xcassets; sourceTree = "<group>"; };
		388A276528F823530019C70D /* Preview Assets.xcassets */ = {isa = PBXFileReference; lastKnownFileType = folder.assetcatalog; path = "Preview Assets.xcassets"; sourceTree = "<group>"; };
		388A276B28F823530019C70D /* VoiceNoteTests.xctest */ = {isa = PBXFileReference; explicitFileType = wrapper.cfbundle; includeInIndex = 0; path = VoiceNoteTests.xctest; sourceTree = BUILT_PRODUCTS_DIR; };
		388A276F28F823530019C70D /* VoiceNoteTests.swift */ = {isa = PBXFileReference; lastKnownFileType = sourcecode.swift; path = VoiceNoteTests.swift; sourceTree = "<group>"; };
		388A277528F823530019C70D /* VoiceNoteUITests.xctest */ = {isa = PBXFileReference; explicitFileType = wrapper.cfbundle; includeInIndex = 0; path = VoiceNoteUITests.xctest; sourceTree = BUILT_PRODUCTS_DIR; };
		388A277928F823530019C70D /* VoiceNoteUITests.swift */ = {isa = PBXFileReference; lastKnownFileType = sourcecode.swift; path = VoiceNoteUITests.swift; sourceTree = "<group>"; };
		388A277B28F823530019C70D /* VoiceNoteUITestsLaunchTests.swift */ = {isa = PBXFileReference; lastKnownFileType = sourcecode.swift; path = VoiceNoteUITestsLaunchTests.swift; sourceTree = "<group>"; };
		388A278828F8240E0019C70D /* Note.swift */ = {isa = PBXFileReference; lastKnownFileType = sourcecode.swift; path = Note.swift; sourceTree = "<group>"; };
		388A278A28F825180019C70D /* AllNotes.swift */ = {isa = PBXFileReference; lastKnownFileType = sourcecode.swift; path = AllNotes.swift; sourceTree = "<group>"; };
		38A1FC6E290C018B00B46B03 /* AllRecordings.swift */ = {isa = PBXFileReference; lastKnownFileType = sourcecode.swift; path = AllRecordings.swift; sourceTree = "<group>"; };
		38BFFC14290A8999007614D2 /* UserDocument.swift */ = {isa = PBXFileReference; lastKnownFileType = sourcecode.swift; path = UserDocument.swift; sourceTree = "<group>"; };
		38BFFC16290A8F48007614D2 /* RegisterView.swift */ = {isa = PBXFileReference; lastKnownFileType = sourcecode.swift; path = RegisterView.swift; sourceTree = "<group>"; };
/* End PBXFileReference section */

/* Begin PBXFrameworksBuildPhase section */
		388A275828F823500019C70D /* Frameworks */ = {
			isa = PBXFrameworksBuildPhase;
			buildActionMask = 2147483647;
			files = (
				387156DA29091B0B00A0E01B /* FirebaseFirestoreSwift in Frameworks */,
				387156D629091B0B00A0E01B /* FirebaseDatabaseSwift in Frameworks */,
				387156D829091B0B00A0E01B /* FirebaseFirestore in Frameworks */,
				387156D429091B0B00A0E01B /* FirebaseDatabase in Frameworks */,
				387156D229091B0B00A0E01B /* FirebaseAuth in Frameworks */,
				387156DC29091B0B00A0E01B /* FirebaseStorage in Frameworks */,
			);
			runOnlyForDeploymentPostprocessing = 0;
		};
		388A276828F823530019C70D /* Frameworks */ = {
			isa = PBXFrameworksBuildPhase;
			buildActionMask = 2147483647;
			files = (
			);
			runOnlyForDeploymentPostprocessing = 0;
		};
		388A277228F823530019C70D /* Frameworks */ = {
			isa = PBXFrameworksBuildPhase;
			buildActionMask = 2147483647;
			files = (
			);
			runOnlyForDeploymentPostprocessing = 0;
		};
/* End PBXFrameworksBuildPhase section */

/* Begin PBXGroup section */
		386731E828FDC01000BA0F3D /* Model */ = {
			isa = PBXGroup;
			children = (
				388A278828F8240E0019C70D /* Note.swift */,
				388A278A28F825180019C70D /* AllNotes.swift */,
				386731E628FDBED500BA0F3D /* AudioRecorder.swift */,
				386731EC28FDD28600BA0F3D /* RecordingDataModel.swift */,
				386731EE28FDD38F00BA0F3D /* Helper.swift */,
				38BFFC14290A8999007614D2 /* UserDocument.swift */,
				384D11A5290AF66B00B2E434 /* AudioPlayer.swift */,
				38A1FC6E290C018B00B46B03 /* AllRecordings.swift */,
				385E2830290DA65900D42B41 /* UserDocumentRecording.swift */,
				385035612911734A00A6BB2D /* UserRecording.swift */,
			);
			path = Model;
			sourceTree = "<group>";
		};
		386731F228FDD6FF00BA0F3D /* Views */ = {
			isa = PBXGroup;
			children = (
				388A276028F823500019C70D /* ContentView.swift */,
				386731F028FDD6C400BA0F3D /* RecordingView.swift */,
				3833F1E72900394000356843 /* NoteView.swift */,
				388785C0290A7CE600ACD948 /* LoginView.swift */,
				38BFFC16290A8F48007614D2 /* RegisterView.swift */,
			);
			path = Views;
			sourceTree = "<group>";
		};
		388785BB290A749700ACD948 /* Connections */ = {
			isa = PBXGroup;
			children = (
				388785BC290A74B700ACD948 /* FirebaseStorageConnection.swift */,
				388785BE290A793000ACD948 /* FirestoreConnection.swift */,
			);
			path = Connections;
			sourceTree = "<group>";
		};
		388A275228F823500019C70D = {
			isa = PBXGroup;
			children = (
				388A275D28F823500019C70D /* VoiceNote */,
				388A276E28F823530019C70D /* VoiceNoteTests */,
				388A277828F823530019C70D /* VoiceNoteUITests */,
				388A275C28F823500019C70D /* Products */,
			);
			sourceTree = "<group>";
		};
		388A275C28F823500019C70D /* Products */ = {
			isa = PBXGroup;
			children = (
				388A275B28F823500019C70D /* VoiceNote.app */,
				388A276B28F823530019C70D /* VoiceNoteTests.xctest */,
				388A277528F823530019C70D /* VoiceNoteUITests.xctest */,
			);
			name = Products;
			sourceTree = "<group>";
		};
		388A275D28F823500019C70D /* VoiceNote */ = {
			isa = PBXGroup;
			children = (
				388785BB290A749700ACD948 /* Connections */,
				386731E928FDC1E000BA0F3D /* Info.plist */,
				388A275E28F823500019C70D /* VoiceNoteApp.swift */,
				387156DF290930FD00A0E01B /* GoogleService-Info.plist */,
				386731F228FDD6FF00BA0F3D /* Views */,
				388A276228F823530019C70D /* Assets.xcassets */,
				387156DD29092BA000A0E01B /* techlove_logo-03 (1).png */,
				388A276428F823530019C70D /* Preview Content */,
				386731E828FDC01000BA0F3D /* Model */,
				386731EA28FDC92F00BA0F3D /* Extensions.swift */,
			);
			path = VoiceNote;
			sourceTree = "<group>";
		};
		388A276428F823530019C70D /* Preview Content */ = {
			isa = PBXGroup;
			children = (
				388A276528F823530019C70D /* Preview Assets.xcassets */,
			);
			path = "Preview Content";
			sourceTree = "<group>";
		};
		388A276E28F823530019C70D /* VoiceNoteTests */ = {
			isa = PBXGroup;
			children = (
				388A276F28F823530019C70D /* VoiceNoteTests.swift */,
			);
			path = VoiceNoteTests;
			sourceTree = "<group>";
		};
		388A277828F823530019C70D /* VoiceNoteUITests */ = {
			isa = PBXGroup;
			children = (
				388A277928F823530019C70D /* VoiceNoteUITests.swift */,
				388A277B28F823530019C70D /* VoiceNoteUITestsLaunchTests.swift */,
			);
			path = VoiceNoteUITests;
			sourceTree = "<group>";
		};
/* End PBXGroup section */

/* Begin PBXNativeTarget section */
		388A275A28F823500019C70D /* VoiceNote */ = {
			isa = PBXNativeTarget;
			buildConfigurationList = 388A277F28F823530019C70D /* Build configuration list for PBXNativeTarget "VoiceNote" */;
			buildPhases = (
				388A275728F823500019C70D /* Sources */,
				388A275828F823500019C70D /* Frameworks */,
				388A275928F823500019C70D /* Resources */,
			);
			buildRules = (
			);
			dependencies = (
			);
			name = VoiceNote;
			packageProductDependencies = (
				387156D129091B0B00A0E01B /* FirebaseAuth */,
				387156D329091B0B00A0E01B /* FirebaseDatabase */,
				387156D529091B0B00A0E01B /* FirebaseDatabaseSwift */,
				387156D729091B0B00A0E01B /* FirebaseFirestore */,
				387156D929091B0B00A0E01B /* FirebaseFirestoreSwift */,
				387156DB29091B0B00A0E01B /* FirebaseStorage */,
			);
			productName = VoiceNote;
			productReference = 388A275B28F823500019C70D /* VoiceNote.app */;
			productType = "com.apple.product-type.application";
		};
		388A276A28F823530019C70D /* VoiceNoteTests */ = {
			isa = PBXNativeTarget;
			buildConfigurationList = 388A278228F823530019C70D /* Build configuration list for PBXNativeTarget "VoiceNoteTests" */;
			buildPhases = (
				388A276728F823530019C70D /* Sources */,
				388A276828F823530019C70D /* Frameworks */,
				388A276928F823530019C70D /* Resources */,
			);
			buildRules = (
			);
			dependencies = (
				388A276D28F823530019C70D /* PBXTargetDependency */,
			);
			name = VoiceNoteTests;
			productName = VoiceNoteTests;
			productReference = 388A276B28F823530019C70D /* VoiceNoteTests.xctest */;
			productType = "com.apple.product-type.bundle.unit-test";
		};
		388A277428F823530019C70D /* VoiceNoteUITests */ = {
			isa = PBXNativeTarget;
			buildConfigurationList = 388A278528F823530019C70D /* Build configuration list for PBXNativeTarget "VoiceNoteUITests" */;
			buildPhases = (
				388A277128F823530019C70D /* Sources */,
				388A277228F823530019C70D /* Frameworks */,
				388A277328F823530019C70D /* Resources */,
			);
			buildRules = (
			);
			dependencies = (
				388A277728F823530019C70D /* PBXTargetDependency */,
			);
			name = VoiceNoteUITests;
			productName = VoiceNoteUITests;
			productReference = 388A277528F823530019C70D /* VoiceNoteUITests.xctest */;
			productType = "com.apple.product-type.bundle.ui-testing";
		};
/* End PBXNativeTarget section */

/* Begin PBXProject section */
		388A275328F823500019C70D /* Project object */ = {
			isa = PBXProject;
			attributes = {
				BuildIndependentTargetsInParallel = 1;
				LastSwiftUpdateCheck = 1320;
				LastUpgradeCheck = 1320;
				TargetAttributes = {
					388A275A28F823500019C70D = {
						CreatedOnToolsVersion = 13.2.1;
					};
					388A276A28F823530019C70D = {
						CreatedOnToolsVersion = 13.2.1;
						TestTargetID = 388A275A28F823500019C70D;
					};
					388A277428F823530019C70D = {
						CreatedOnToolsVersion = 13.2.1;
						TestTargetID = 388A275A28F823500019C70D;
					};
				};
			};
			buildConfigurationList = 388A275628F823500019C70D /* Build configuration list for PBXProject "VoiceNote" */;
			compatibilityVersion = "Xcode 13.0";
			developmentRegion = en;
			hasScannedForEncodings = 0;
			knownRegions = (
				en,
				Base,
			);
			mainGroup = 388A275228F823500019C70D;
			packageReferences = (
				387156D029091B0B00A0E01B /* XCRemoteSwiftPackageReference "firebase-ios-sdk" */,
			);
			productRefGroup = 388A275C28F823500019C70D /* Products */;
			projectDirPath = "";
			projectRoot = "";
			targets = (
				388A275A28F823500019C70D /* VoiceNote */,
				388A276A28F823530019C70D /* VoiceNoteTests */,
				388A277428F823530019C70D /* VoiceNoteUITests */,
			);
		};
/* End PBXProject section */

/* Begin PBXResourcesBuildPhase section */
		388A275928F823500019C70D /* Resources */ = {
			isa = PBXResourcesBuildPhase;
			buildActionMask = 2147483647;
			files = (
				388A276628F823530019C70D /* Preview Assets.xcassets in Resources */,
				388A276328F823530019C70D /* Assets.xcassets in Resources */,
				387156E0290930FD00A0E01B /* GoogleService-Info.plist in Resources */,
				387156DE29092BA000A0E01B /* techlove_logo-03 (1).png in Resources */,
			);
			runOnlyForDeploymentPostprocessing = 0;
		};
		388A276928F823530019C70D /* Resources */ = {
			isa = PBXResourcesBuildPhase;
			buildActionMask = 2147483647;
			files = (
			);
			runOnlyForDeploymentPostprocessing = 0;
		};
		388A277328F823530019C70D /* Resources */ = {
			isa = PBXResourcesBuildPhase;
			buildActionMask = 2147483647;
			files = (
			);
			runOnlyForDeploymentPostprocessing = 0;
		};
/* End PBXResourcesBuildPhase section */

/* Begin PBXSourcesBuildPhase section */
		388A275728F823500019C70D /* Sources */ = {
			isa = PBXSourcesBuildPhase;
			buildActionMask = 2147483647;
			files = (
				388A276128F823500019C70D /* ContentView.swift in Sources */,
				386731EB28FDC92F00BA0F3D /* Extensions.swift in Sources */,
				386731ED28FDD28600BA0F3D /* RecordingDataModel.swift in Sources */,
				388785BF290A793000ACD948 /* FirestoreConnection.swift in Sources */,
				388A275F28F823500019C70D /* VoiceNoteApp.swift in Sources */,
				388A278928F8240E0019C70D /* Note.swift in Sources */,
				38BFFC17290A8F48007614D2 /* RegisterView.swift in Sources */,
				38BFFC15290A8999007614D2 /* UserDocument.swift in Sources */,
				388785BD290A74B700ACD948 /* FirebaseStorageConnection.swift in Sources */,
				385E2831290DA65900D42B41 /* UserDocumentRecording.swift in Sources */,
				386731F128FDD6C400BA0F3D /* RecordingView.swift in Sources */,
				3833F1E82900394000356843 /* NoteView.swift in Sources */,
				38A1FC6F290C018B00B46B03 /* AllRecordings.swift in Sources */,
				384D11A6290AF66B00B2E434 /* AudioPlayer.swift in Sources */,
				388A278B28F825180019C70D /* AllNotes.swift in Sources */,
				388785C1290A7CE600ACD948 /* LoginView.swift in Sources */,
				386731E728FDBED500BA0F3D /* AudioRecorder.swift in Sources */,
				385035622911734A00A6BB2D /* UserRecording.swift in Sources */,
				386731EF28FDD38F00BA0F3D /* Helper.swift in Sources */,
			);
			runOnlyForDeploymentPostprocessing = 0;
		};
		388A276728F823530019C70D /* Sources */ = {
			isa = PBXSourcesBuildPhase;
			buildActionMask = 2147483647;
			files = (
				388A277028F823530019C70D /* VoiceNoteTests.swift in Sources */,
			);
			runOnlyForDeploymentPostprocessing = 0;
		};
		388A277128F823530019C70D /* Sources */ = {
			isa = PBXSourcesBuildPhase;
			buildActionMask = 2147483647;
			files = (
				388A277A28F823530019C70D /* VoiceNoteUITests.swift in Sources */,
				388A277C28F823530019C70D /* VoiceNoteUITestsLaunchTests.swift in Sources */,
			);
			runOnlyForDeploymentPostprocessing = 0;
		};
/* End PBXSourcesBuildPhase section */

/* Begin PBXTargetDependency section */
		388A276D28F823530019C70D /* PBXTargetDependency */ = {
			isa = PBXTargetDependency;
			target = 388A275A28F823500019C70D /* VoiceNote */;
			targetProxy = 388A276C28F823530019C70D /* PBXContainerItemProxy */;
		};
		388A277728F823530019C70D /* PBXTargetDependency */ = {
			isa = PBXTargetDependency;
			target = 388A275A28F823500019C70D /* VoiceNote */;
			targetProxy = 388A277628F823530019C70D /* PBXContainerItemProxy */;
		};
/* End PBXTargetDependency section */

/* Begin XCBuildConfiguration section */
		388A277D28F823530019C70D /* Debug */ = {
			isa = XCBuildConfiguration;
			buildSettings = {
				ALWAYS_SEARCH_USER_PATHS = NO;
				CLANG_ANALYZER_NONNULL = YES;
				CLANG_ANALYZER_NUMBER_OBJECT_CONVERSION = YES_AGGRESSIVE;
				CLANG_CXX_LANGUAGE_STANDARD = "gnu++17";
				CLANG_CXX_LIBRARY = "libc++";
				CLANG_ENABLE_MODULES = YES;
				CLANG_ENABLE_OBJC_ARC = YES;
				CLANG_ENABLE_OBJC_WEAK = YES;
				CLANG_WARN_BLOCK_CAPTURE_AUTORELEASING = YES;
				CLANG_WARN_BOOL_CONVERSION = YES;
				CLANG_WARN_COMMA = YES;
				CLANG_WARN_CONSTANT_CONVERSION = YES;
				CLANG_WARN_DEPRECATED_OBJC_IMPLEMENTATIONS = YES;
				CLANG_WARN_DIRECT_OBJC_ISA_USAGE = YES_ERROR;
				CLANG_WARN_DOCUMENTATION_COMMENTS = YES;
				CLANG_WARN_EMPTY_BODY = YES;
				CLANG_WARN_ENUM_CONVERSION = YES;
				CLANG_WARN_INFINITE_RECURSION = YES;
				CLANG_WARN_INT_CONVERSION = YES;
				CLANG_WARN_NON_LITERAL_NULL_CONVERSION = YES;
				CLANG_WARN_OBJC_IMPLICIT_RETAIN_SELF = YES;
				CLANG_WARN_OBJC_LITERAL_CONVERSION = YES;
				CLANG_WARN_OBJC_ROOT_CLASS = YES_ERROR;
				CLANG_WARN_QUOTED_INCLUDE_IN_FRAMEWORK_HEADER = YES;
				CLANG_WARN_RANGE_LOOP_ANALYSIS = YES;
				CLANG_WARN_STRICT_PROTOTYPES = YES;
				CLANG_WARN_SUSPICIOUS_MOVE = YES;
				CLANG_WARN_UNGUARDED_AVAILABILITY = YES_AGGRESSIVE;
				CLANG_WARN_UNREACHABLE_CODE = YES;
				CLANG_WARN__DUPLICATE_METHOD_MATCH = YES;
				COPY_PHASE_STRIP = NO;
				DEBUG_INFORMATION_FORMAT = dwarf;
				ENABLE_STRICT_OBJC_MSGSEND = YES;
				ENABLE_TESTABILITY = YES;
				GCC_C_LANGUAGE_STANDARD = gnu11;
				GCC_DYNAMIC_NO_PIC = NO;
				GCC_NO_COMMON_BLOCKS = YES;
				GCC_OPTIMIZATION_LEVEL = 0;
				GCC_PREPROCESSOR_DEFINITIONS = (
					"DEBUG=1",
					"$(inherited)",
				);
				GCC_WARN_64_TO_32_BIT_CONVERSION = YES;
				GCC_WARN_ABOUT_RETURN_TYPE = YES_ERROR;
				GCC_WARN_UNDECLARED_SELECTOR = YES;
				GCC_WARN_UNINITIALIZED_AUTOS = YES_AGGRESSIVE;
				GCC_WARN_UNUSED_FUNCTION = YES;
				GCC_WARN_UNUSED_VARIABLE = YES;
				HEADER_SEARCH_PATHS = "${PODS_ROOT}/Firebase/CoreOnly/Sources";
				"HEADER_SEARCH_PATHS[arch=*]" = "";
				IPHONEOS_DEPLOYMENT_TARGET = 15.2;
				MTL_ENABLE_DEBUG_INFO = INCLUDE_SOURCE;
				MTL_FAST_MATH = YES;
				ONLY_ACTIVE_ARCH = YES;
				SDKROOT = iphoneos;
				SWIFT_ACTIVE_COMPILATION_CONDITIONS = DEBUG;
				SWIFT_OPTIMIZATION_LEVEL = "-Onone";
			};
			name = Debug;
		};
		388A277E28F823530019C70D /* Release */ = {
			isa = XCBuildConfiguration;
			buildSettings = {
				ALWAYS_SEARCH_USER_PATHS = NO;
				CLANG_ANALYZER_NONNULL = YES;
				CLANG_ANALYZER_NUMBER_OBJECT_CONVERSION = YES_AGGRESSIVE;
				CLANG_CXX_LANGUAGE_STANDARD = "gnu++17";
				CLANG_CXX_LIBRARY = "libc++";
				CLANG_ENABLE_MODULES = YES;
				CLANG_ENABLE_OBJC_ARC = YES;
				CLANG_ENABLE_OBJC_WEAK = YES;
				CLANG_WARN_BLOCK_CAPTURE_AUTORELEASING = YES;
				CLANG_WARN_BOOL_CONVERSION = YES;
				CLANG_WARN_COMMA = YES;
				CLANG_WARN_CONSTANT_CONVERSION = YES;
				CLANG_WARN_DEPRECATED_OBJC_IMPLEMENTATIONS = YES;
				CLANG_WARN_DIRECT_OBJC_ISA_USAGE = YES_ERROR;
				CLANG_WARN_DOCUMENTATION_COMMENTS = YES;
				CLANG_WARN_EMPTY_BODY = YES;
				CLANG_WARN_ENUM_CONVERSION = YES;
				CLANG_WARN_INFINITE_RECURSION = YES;
				CLANG_WARN_INT_CONVERSION = YES;
				CLANG_WARN_NON_LITERAL_NULL_CONVERSION = YES;
				CLANG_WARN_OBJC_IMPLICIT_RETAIN_SELF = YES;
				CLANG_WARN_OBJC_LITERAL_CONVERSION = YES;
				CLANG_WARN_OBJC_ROOT_CLASS = YES_ERROR;
				CLANG_WARN_QUOTED_INCLUDE_IN_FRAMEWORK_HEADER = YES;
				CLANG_WARN_RANGE_LOOP_ANALYSIS = YES;
				CLANG_WARN_STRICT_PROTOTYPES = YES;
				CLANG_WARN_SUSPICIOUS_MOVE = YES;
				CLANG_WARN_UNGUARDED_AVAILABILITY = YES_AGGRESSIVE;
				CLANG_WARN_UNREACHABLE_CODE = YES;
				CLANG_WARN__DUPLICATE_METHOD_MATCH = YES;
				COPY_PHASE_STRIP = NO;
				DEBUG_INFORMATION_FORMAT = "dwarf-with-dsym";
				ENABLE_NS_ASSERTIONS = NO;
				ENABLE_STRICT_OBJC_MSGSEND = YES;
				GCC_C_LANGUAGE_STANDARD = gnu11;
				GCC_NO_COMMON_BLOCKS = YES;
				GCC_WARN_64_TO_32_BIT_CONVERSION = YES;
				GCC_WARN_ABOUT_RETURN_TYPE = YES_ERROR;
				GCC_WARN_UNDECLARED_SELECTOR = YES;
				GCC_WARN_UNINITIALIZED_AUTOS = YES_AGGRESSIVE;
				GCC_WARN_UNUSED_FUNCTION = YES;
				GCC_WARN_UNUSED_VARIABLE = YES;
				HEADER_SEARCH_PATHS = "${PODS_ROOT}/Firebase/CoreOnly/Sources";
				"HEADER_SEARCH_PATHS[arch=*]" = "";
				IPHONEOS_DEPLOYMENT_TARGET = 15.2;
				MTL_ENABLE_DEBUG_INFO = NO;
				MTL_FAST_MATH = YES;
				SDKROOT = iphoneos;
				SWIFT_COMPILATION_MODE = wholemodule;
				SWIFT_OPTIMIZATION_LEVEL = "-O";
				VALIDATE_PRODUCT = YES;
			};
			name = Release;
		};
		388A278028F823530019C70D /* Debug */ = {
			isa = XCBuildConfiguration;
			buildSettings = {
				ASSETCATALOG_COMPILER_APPICON_NAME = AppIcon;
				ASSETCATALOG_COMPILER_GLOBAL_ACCENT_COLOR_NAME = AccentColor;
				CODE_SIGN_IDENTITY = "Apple Development";
				CODE_SIGN_STYLE = Automatic;
				CURRENT_PROJECT_VERSION = 1;
				DEVELOPMENT_ASSET_PATHS = "\"VoiceNote/Preview Content\"";
				DEVELOPMENT_TEAM = 4YVT736T6U;
				ENABLE_PREVIEWS = YES;
				GENERATE_INFOPLIST_FILE = YES;
				INFOPLIST_FILE = VoiceNote/Info.plist;
				INFOPLIST_KEY_NSMicrophoneUsageDescription = "We need access to your microphone";
				INFOPLIST_KEY_UIApplicationSceneManifest_Generation = YES;
				INFOPLIST_KEY_UIApplicationSupportsIndirectInputEvents = YES;
				INFOPLIST_KEY_UILaunchScreen_Generation = YES;
				INFOPLIST_KEY_UISupportedInterfaceOrientations_iPad = "UIInterfaceOrientationPortrait UIInterfaceOrientationPortraitUpsideDown UIInterfaceOrientationLandscapeLeft UIInterfaceOrientationLandscapeRight";
				INFOPLIST_KEY_UISupportedInterfaceOrientations_iPhone = "UIInterfaceOrientationPortrait UIInterfaceOrientationLandscapeLeft UIInterfaceOrientationLandscapeRight";
				LD_RUNPATH_SEARCH_PATHS = (
					"$(inherited)",
					"@executable_path/Frameworks",
				);
				MARKETING_VERSION = 1.0;
				PRODUCT_BUNDLE_IDENTIFIER = OskarLarsson.VoiceNote;
				PRODUCT_NAME = "$(TARGET_NAME)";
				PROVISIONING_PROFILE_SPECIFIER = "";
				SWIFT_EMIT_LOC_STRINGS = YES;
				SWIFT_VERSION = 5.0;
				TARGETED_DEVICE_FAMILY = "1,2";
			};
			name = Debug;
		};
		388A278128F823530019C70D /* Release */ = {
			isa = XCBuildConfiguration;
			buildSettings = {
				ASSETCATALOG_COMPILER_APPICON_NAME = AppIcon;
				ASSETCATALOG_COMPILER_GLOBAL_ACCENT_COLOR_NAME = AccentColor;
				CODE_SIGN_STYLE = Automatic;
				CURRENT_PROJECT_VERSION = 1;
				DEVELOPMENT_ASSET_PATHS = "\"VoiceNote/Preview Content\"";
				DEVELOPMENT_TEAM = 4YVT736T6U;
				ENABLE_PREVIEWS = YES;
				GENERATE_INFOPLIST_FILE = YES;
				INFOPLIST_FILE = VoiceNote/Info.plist;
				INFOPLIST_KEY_NSMicrophoneUsageDescription = "We need access to your microphone";
				INFOPLIST_KEY_UIApplicationSceneManifest_Generation = YES;
				INFOPLIST_KEY_UIApplicationSupportsIndirectInputEvents = YES;
				INFOPLIST_KEY_UILaunchScreen_Generation = YES;
				INFOPLIST_KEY_UISupportedInterfaceOrientations_iPad = "UIInterfaceOrientationPortrait UIInterfaceOrientationPortraitUpsideDown UIInterfaceOrientationLandscapeLeft UIInterfaceOrientationLandscapeRight";
				INFOPLIST_KEY_UISupportedInterfaceOrientations_iPhone = "UIInterfaceOrientationPortrait UIInterfaceOrientationLandscapeLeft UIInterfaceOrientationLandscapeRight";
				LD_RUNPATH_SEARCH_PATHS = (
					"$(inherited)",
					"@executable_path/Frameworks",
				);
				MARKETING_VERSION = 1.0;
				PRODUCT_BUNDLE_IDENTIFIER = OskarLarsson.VoiceNote;
				PRODUCT_NAME = "$(TARGET_NAME)";
				SWIFT_EMIT_LOC_STRINGS = YES;
				SWIFT_VERSION = 5.0;
				TARGETED_DEVICE_FAMILY = "1,2";
			};
			name = Release;
		};
		388A278328F823530019C70D /* Debug */ = {
			isa = XCBuildConfiguration;
			buildSettings = {
				ALWAYS_EMBED_SWIFT_STANDARD_LIBRARIES = YES;
				BUNDLE_LOADER = "$(TEST_HOST)";
				CODE_SIGN_STYLE = Automatic;
				CURRENT_PROJECT_VERSION = 1;
				DEVELOPMENT_TEAM = 4YVT736T6U;
				GENERATE_INFOPLIST_FILE = YES;
				IPHONEOS_DEPLOYMENT_TARGET = 15.2;
				MARKETING_VERSION = 1.0;
				PRODUCT_BUNDLE_IDENTIFIER = OskarLarsson.VoiceNoteTests;
				PRODUCT_NAME = "$(TARGET_NAME)";
				SWIFT_EMIT_LOC_STRINGS = NO;
				SWIFT_VERSION = 5.0;
				TARGETED_DEVICE_FAMILY = "1,2";
				TEST_HOST = "$(BUILT_PRODUCTS_DIR)/VoiceNote.app/VoiceNote";
			};
			name = Debug;
		};
		388A278428F823530019C70D /* Release */ = {
			isa = XCBuildConfiguration;
			buildSettings = {
				ALWAYS_EMBED_SWIFT_STANDARD_LIBRARIES = YES;
				BUNDLE_LOADER = "$(TEST_HOST)";
				CODE_SIGN_STYLE = Automatic;
				CURRENT_PROJECT_VERSION = 1;
				DEVELOPMENT_TEAM = 4YVT736T6U;
				GENERATE_INFOPLIST_FILE = YES;
				IPHONEOS_DEPLOYMENT_TARGET = 15.2;
				MARKETING_VERSION = 1.0;
				PRODUCT_BUNDLE_IDENTIFIER = OskarLarsson.VoiceNoteTests;
				PRODUCT_NAME = "$(TARGET_NAME)";
				SWIFT_EMIT_LOC_STRINGS = NO;
				SWIFT_VERSION = 5.0;
				TARGETED_DEVICE_FAMILY = "1,2";
				TEST_HOST = "$(BUILT_PRODUCTS_DIR)/VoiceNote.app/VoiceNote";
			};
			name = Release;
		};
		388A278628F823530019C70D /* Debug */ = {
			isa = XCBuildConfiguration;
			buildSettings = {
				ALWAYS_EMBED_SWIFT_STANDARD_LIBRARIES = YES;
				CODE_SIGN_STYLE = Automatic;
				CURRENT_PROJECT_VERSION = 1;
				DEVELOPMENT_TEAM = 4YVT736T6U;
				GENERATE_INFOPLIST_FILE = YES;
				MARKETING_VERSION = 1.0;
				PRODUCT_BUNDLE_IDENTIFIER = OskarLarsson.VoiceNoteUITests;
				PRODUCT_NAME = "$(TARGET_NAME)";
				SWIFT_EMIT_LOC_STRINGS = NO;
				SWIFT_VERSION = 5.0;
				TARGETED_DEVICE_FAMILY = "1,2";
				TEST_TARGET_NAME = VoiceNote;
			};
			name = Debug;
		};
		388A278728F823530019C70D /* Release */ = {
			isa = XCBuildConfiguration;
			buildSettings = {
				ALWAYS_EMBED_SWIFT_STANDARD_LIBRARIES = YES;
				CODE_SIGN_STYLE = Automatic;
				CURRENT_PROJECT_VERSION = 1;
				DEVELOPMENT_TEAM = 4YVT736T6U;
				GENERATE_INFOPLIST_FILE = YES;
				MARKETING_VERSION = 1.0;
				PRODUCT_BUNDLE_IDENTIFIER = OskarLarsson.VoiceNoteUITests;
				PRODUCT_NAME = "$(TARGET_NAME)";
				SWIFT_EMIT_LOC_STRINGS = NO;
				SWIFT_VERSION = 5.0;
				TARGETED_DEVICE_FAMILY = "1,2";
				TEST_TARGET_NAME = VoiceNote;
			};
			name = Release;
		};
/* End XCBuildConfiguration section */

/* Begin XCConfigurationList section */
		388A275628F823500019C70D /* Build configuration list for PBXProject "VoiceNote" */ = {
			isa = XCConfigurationList;
			buildConfigurations = (
				388A277D28F823530019C70D /* Debug */,
				388A277E28F823530019C70D /* Release */,
			);
			defaultConfigurationIsVisible = 0;
			defaultConfigurationName = Release;
		};
		388A277F28F823530019C70D /* Build configuration list for PBXNativeTarget "VoiceNote" */ = {
			isa = XCConfigurationList;
			buildConfigurations = (
				388A278028F823530019C70D /* Debug */,
				388A278128F823530019C70D /* Release */,
			);
			defaultConfigurationIsVisible = 0;
			defaultConfigurationName = Release;
		};
		388A278228F823530019C70D /* Build configuration list for PBXNativeTarget "VoiceNoteTests" */ = {
			isa = XCConfigurationList;
			buildConfigurations = (
				388A278328F823530019C70D /* Debug */,
				388A278428F823530019C70D /* Release */,
			);
			defaultConfigurationIsVisible = 0;
			defaultConfigurationName = Release;
		};
		388A278528F823530019C70D /* Build configuration list for PBXNativeTarget "VoiceNoteUITests" */ = {
			isa = XCConfigurationList;
			buildConfigurations = (
				388A278628F823530019C70D /* Debug */,
				388A278728F823530019C70D /* Release */,
			);
			defaultConfigurationIsVisible = 0;
			defaultConfigurationName = Release;
		};
/* End XCConfigurationList section */

/* Begin XCRemoteSwiftPackageReference section */
		387156D029091B0B00A0E01B /* XCRemoteSwiftPackageReference "firebase-ios-sdk" */ = {
			isa = XCRemoteSwiftPackageReference;
			repositoryURL = "https://github.com/firebase/firebase-ios-sdk.git";
			requirement = {
				kind = upToNextMajorVersion;
				minimumVersion = 9.0.0;
			};
		};
/* End XCRemoteSwiftPackageReference section */

/* Begin XCSwiftPackageProductDependency section */
		387156D129091B0B00A0E01B /* FirebaseAuth */ = {
			isa = XCSwiftPackageProductDependency;
			package = 387156D029091B0B00A0E01B /* XCRemoteSwiftPackageReference "firebase-ios-sdk" */;
			productName = FirebaseAuth;
		};
		387156D329091B0B00A0E01B /* FirebaseDatabase */ = {
			isa = XCSwiftPackageProductDependency;
			package = 387156D029091B0B00A0E01B /* XCRemoteSwiftPackageReference "firebase-ios-sdk" */;
			productName = FirebaseDatabase;
		};
		387156D529091B0B00A0E01B /* FirebaseDatabaseSwift */ = {
			isa = XCSwiftPackageProductDependency;
			package = 387156D029091B0B00A0E01B /* XCRemoteSwiftPackageReference "firebase-ios-sdk" */;
			productName = FirebaseDatabaseSwift;
		};
		387156D729091B0B00A0E01B /* FirebaseFirestore */ = {
			isa = XCSwiftPackageProductDependency;
			package = 387156D029091B0B00A0E01B /* XCRemoteSwiftPackageReference "firebase-ios-sdk" */;
			productName = FirebaseFirestore;
		};
		387156D929091B0B00A0E01B /* FirebaseFirestoreSwift */ = {
			isa = XCSwiftPackageProductDependency;
			package = 387156D029091B0B00A0E01B /* XCRemoteSwiftPackageReference "firebase-ios-sdk" */;
			productName = FirebaseFirestoreSwift;
		};
		387156DB29091B0B00A0E01B /* FirebaseStorage */ = {
			isa = XCSwiftPackageProductDependency;
			package = 387156D029091B0B00A0E01B /* XCRemoteSwiftPackageReference "firebase-ios-sdk" */;
			productName = FirebaseStorage;
		};
/* End XCSwiftPackageProductDependency section */
	};
	rootObject = 388A275328F823500019C70D /* Project object */;
}
